
Microsoft Visual Studio Solution File, Format Version 12.00
# Visual Studio Version 17
VisualStudioVersion = 17.5.33502.453
MinimumVisualStudioVersion = 10.0.40219.1
Project("{FAE04EC0-301F-11D3-BF4B-00C04F79EFBC}") = "BBloGer", "BBloGer.csproj", "{FBDFFE0B-744C-43AB-A25B-D1CB6942AEDA}"
EndProject
Global
	GlobalSection(SolutionConfigurationPlatforms) = preSolution
		Debug|Any CPU = Debug|Any CPU
		Release|Any CPU = Release|Any CPU
	EndGlobalSection
	GlobalSection(ProjectConfigurationPlatforms) = postSolution
		{FBDFFE0B-744C-43AB-A25B-D1CB6942AEDA}.Debug|Any CPU.ActiveCfg = Debug|Any CPU
		{FBDFFE0B-744C-43AB-A25B-D1CB6942AEDA}.Debug|Any CPU.Build.0 = Debug|Any CPU
		{FBDFFE0B-744C-43AB-A25B-D1CB6942AEDA}.Release|Any CPU.ActiveCfg = Release|Any CPU
		{FBDFFE0B-744C-43AB-A25B-D1CB6942AEDA}.Release|Any CPU.Build.0 = Release|Any CPU
	EndGlobalSection
	GlobalSection(SolutionProperties) = preSolution
		HideSolutionNode = FALSE
	EndGlobalSection
	GlobalSection(ExtensibilityGlobals) = postSolution
		SolutionGuid = {C7DF0C4A-29BB-46CF-BB4F-9902AEE0AC84}
	EndGlobalSection
EndGlobal
